// !$*UTF8*$!
{
	archiveVersion = 1;
	classes = {
	};
	objectVersion = 46;
	objects = {

/* Begin PBXBuildFile section */
		F7083D7C1D2B9F55007B7369 /* AppDelegate.swift in Sources */ = {isa = PBXBuildFile; fileRef = F7083D7B1D2B9F55007B7369 /* AppDelegate.swift */; };
		F7083D7E1D2B9F55007B7369 /* Assets.xcassets in Resources */ = {isa = PBXBuildFile; fileRef = F7083D7D1D2B9F55007B7369 /* Assets.xcassets */; };
		F7083D811D2B9F55007B7369 /* LaunchScreen.storyboard in Resources */ = {isa = PBXBuildFile; fileRef = F7083D7F1D2B9F55007B7369 /* LaunchScreen.storyboard */; };
		F7083D891D2B9F69007B7369 /* GameViewController.swift in Sources */ = {isa = PBXBuildFile; fileRef = F7083D881D2B9F69007B7369 /* GameViewController.swift */; };
		F7083D8B1D2B9F85007B7369 /* GameScene.swift in Sources */ = {isa = PBXBuildFile; fileRef = F7083D8A1D2B9F85007B7369 /* GameScene.swift */; };
		F7083D8D1D2BAB47007B7369 /* WordNode.swift in Sources */ = {isa = PBXBuildFile; fileRef = F7083D8C1D2BAB47007B7369 /* WordNode.swift */; };
		F7083D941D2BB1B6007B7369 /* NSColor+Hex.swift in Sources */ = {isa = PBXBuildFile; fileRef = F7083D8F1D2BB1B6007B7369 /* NSColor+Hex.swift */; };
		F7083D951D2BB1B6007B7369 /* Swift+Base.swift in Sources */ = {isa = PBXBuildFile; fileRef = F7083D901D2BB1B6007B7369 /* Swift+Base.swift */; };
		F7083D961D2BB1B6007B7369 /* Dictionary+Base.swift in Sources */ = {isa = PBXBuildFile; fileRef = F7083D911D2BB1B6007B7369 /* Dictionary+Base.swift */; };
		F7083D971D2BB1B6007B7369 /* Array+Base.swift in Sources */ = {isa = PBXBuildFile; fileRef = F7083D921D2BB1B6007B7369 /* Array+Base.swift */; };
		F7083D981D2BB1B6007B7369 /* UIColor+Random.swift in Sources */ = {isa = PBXBuildFile; fileRef = F7083D931D2BB1B6007B7369 /* UIColor+Random.swift */; };
		F7083D9B1D2BB20C007B7369 /* UIColor+WW.swift in Sources */ = {isa = PBXBuildFile; fileRef = F7083D9A1D2BB20C007B7369 /* UIColor+WW.swift */; };
/* End PBXBuildFile section */

/* Begin PBXFileReference section */
		F7083D781D2B9F55007B7369 /* WordGame.app */ = {isa = PBXFileReference; explicitFileType = wrapper.application; includeInIndex = 0; path = WordGame.app; sourceTree = BUILT_PRODUCTS_DIR; };
		F7083D7B1D2B9F55007B7369 /* AppDelegate.swift */ = {isa = PBXFileReference; lastKnownFileType = sourcecode.swift; path = AppDelegate.swift; sourceTree = "<group>"; };
		F7083D7D1D2B9F55007B7369 /* Assets.xcassets */ = {isa = PBXFileReference; lastKnownFileType = folder.assetcatalog; path = Assets.xcassets; sourceTree = "<group>"; };
		F7083D801D2B9F55007B7369 /* Base */ = {isa = PBXFileReference; lastKnownFileType = file.storyboard; name = Base; path = Base.lproj/LaunchScreen.storyboard; sourceTree = "<group>"; };
		F7083D821D2B9F55007B7369 /* Info.plist */ = {isa = PBXFileReference; lastKnownFileType = text.plist.xml; path = Info.plist; sourceTree = "<group>"; };
		F7083D881D2B9F69007B7369 /* GameViewController.swift */ = {isa = PBXFileReference; fileEncoding = 4; lastKnownFileType = sourcecode.swift; path = GameViewController.swift; sourceTree = "<group>"; };
		F7083D8A1D2B9F85007B7369 /* GameScene.swift */ = {isa = PBXFileReference; fileEncoding = 4; lastKnownFileType = sourcecode.swift; path = GameScene.swift; sourceTree = "<group>"; };
		F7083D8C1D2BAB47007B7369 /* WordNode.swift */ = {isa = PBXFileReference; fileEncoding = 4; lastKnownFileType = sourcecode.swift; path = WordNode.swift; sourceTree = "<group>"; };
		F7083D8F1D2BB1B6007B7369 /* NSColor+Hex.swift */ = {isa = PBXFileReference; fileEncoding = 4; lastKnownFileType = sourcecode.swift; path = "NSColor+Hex.swift"; sourceTree = "<group>"; };
		F7083D901D2BB1B6007B7369 /* Swift+Base.swift */ = {isa = PBXFileReference; fileEncoding = 4; lastKnownFileType = sourcecode.swift; path = "Swift+Base.swift"; sourceTree = "<group>"; };
		F7083D911D2BB1B6007B7369 /* Dictionary+Base.swift */ = {isa = PBXFileReference; fileEncoding = 4; lastKnownFileType = sourcecode.swift; path = "Dictionary+Base.swift"; sourceTree = "<group>"; };
		F7083D921D2BB1B6007B7369 /* Array+Base.swift */ = {isa = PBXFileReference; fileEncoding = 4; lastKnownFileType = sourcecode.swift; path = "Array+Base.swift"; sourceTree = "<group>"; };
		F7083D931D2BB1B6007B7369 /* UIColor+Random.swift */ = {isa = PBXFileReference; fileEncoding = 4; lastKnownFileType = sourcecode.swift; path = "UIColor+Random.swift"; sourceTree = "<group>"; };
		F7083D9A1D2BB20C007B7369 /* UIColor+WW.swift */ = {isa = PBXFileReference; fileEncoding = 4; lastKnownFileType = sourcecode.swift; path = "UIColor+WW.swift"; sourceTree = "<group>"; };
/* End PBXFileReference section */

/* Begin PBXFrameworksBuildPhase section */
		F7083D751D2B9F55007B7369 /* Frameworks */ = {
			isa = PBXFrameworksBuildPhase;
			buildActionMask = 2147483647;
			files = (
			);
			runOnlyForDeploymentPostprocessing = 0;
		};
/* End PBXFrameworksBuildPhase section */

/* Begin PBXGroup section */
		F7083D6F1D2B9F55007B7369 = {
			isa = PBXGroup;
			children = (
				F7083D7A1D2B9F55007B7369 /* WordWar */,
				F7083D791D2B9F55007B7369 /* Products */,
			);
			sourceTree = "<group>";
		};
		F7083D791D2B9F55007B7369 /* Products */ = {
			isa = PBXGroup;
			children = (
				F7083D781D2B9F55007B7369 /* WordGame.app */,
			);
			name = Products;
			sourceTree = "<group>";
		};
		F7083D7A1D2B9F55007B7369 /* WordWar */ = {
			isa = PBXGroup;
			children = (
				F7083D7B1D2B9F55007B7369 /* AppDelegate.swift */,
				F7083D991D2BB1E0007B7369 /* Local Extensions */,
				F7083D8E1D2BB194007B7369 /* Extensions */,
				F7083D9D1D2BD8FB007B7369 /* Controller */,
				F7083D9C1D2BD8E2007B7369 /* View */,
				F7083D7D1D2B9F55007B7369 /* Assets.xcassets */,
				F7083D7F1D2B9F55007B7369 /* LaunchScreen.storyboard */,
				F7083D821D2B9F55007B7369 /* Info.plist */,
			);
			path = WordWar;
			sourceTree = "<group>";
		};
		F7083D8E1D2BB194007B7369 /* Extensions */ = {
			isa = PBXGroup;
			children = (
				F7083D8F1D2BB1B6007B7369 /* NSColor+Hex.swift */,
				F7083D901D2BB1B6007B7369 /* Swift+Base.swift */,
				F7083D911D2BB1B6007B7369 /* Dictionary+Base.swift */,
				F7083D921D2BB1B6007B7369 /* Array+Base.swift */,
				F7083D931D2BB1B6007B7369 /* UIColor+Random.swift */,
			);
			name = Extensions;
			sourceTree = "<group>";
		};
		F7083D991D2BB1E0007B7369 /* Local Extensions */ = {
			isa = PBXGroup;
			children = (
				F7083D9A1D2BB20C007B7369 /* UIColor+WW.swift */,
			);
			name = "Local Extensions";
			sourceTree = "<group>";
		};
		F7083D9C1D2BD8E2007B7369 /* View */ = {
			isa = PBXGroup;
			children = (
				F7083D8A1D2B9F85007B7369 /* GameScene.swift */,
				F7083D8C1D2BAB47007B7369 /* WordNode.swift */,
			);
			name = View;
			sourceTree = "<group>";
		};
		F7083D9D1D2BD8FB007B7369 /* Controller */ = {
			isa = PBXGroup;
			children = (
				F7083D881D2B9F69007B7369 /* GameViewController.swift */,
			);
			name = Controller;
			sourceTree = "<group>";
		};
/* End PBXGroup section */

/* Begin PBXNativeTarget section */
		F7083D771D2B9F55007B7369 /* WordGame */ = {
			isa = PBXNativeTarget;
			buildConfigurationList = F7083D851D2B9F55007B7369 /* Build configuration list for PBXNativeTarget "WordGame" */;
			buildPhases = (
				F7083D741D2B9F55007B7369 /* Sources */,
				F7083D751D2B9F55007B7369 /* Frameworks */,
				F7083D761D2B9F55007B7369 /* Resources */,
			);
			buildRules = (
			);
			dependencies = (
			);
			name = WordGame;
			productName = WordWar;
			productReference = F7083D781D2B9F55007B7369 /* WordGame.app */;
			productType = "com.apple.product-type.application";
		};
/* End PBXNativeTarget section */

/* Begin PBXProject section */
		F7083D701D2B9F55007B7369 /* Project object */ = {
			isa = PBXProject;
			attributes = {
				LastSwiftUpdateCheck = 0730;
				LastUpgradeCheck = 0730;
				ORGANIZATIONNAME = "Valentin Radu";
				TargetAttributes = {
					F7083D771D2B9F55007B7369 = {
						CreatedOnToolsVersion = 7.3;
					};
				};
			};
			buildConfigurationList = F7083D731D2B9F55007B7369 /* Build configuration list for PBXProject "WordGame" */;
			compatibilityVersion = "Xcode 3.2";
			developmentRegion = English;
			hasScannedForEncodings = 0;
			knownRegions = (
				en,
				Base,
			);
			mainGroup = F7083D6F1D2B9F55007B7369;
			productRefGroup = F7083D791D2B9F55007B7369 /* Products */;
			projectDirPath = "";
			projectRoot = "";
			targets = (
				F7083D771D2B9F55007B7369 /* WordGame */,
			);
		};
/* End PBXProject section */

/* Begin PBXResourcesBuildPhase section */
		F7083D761D2B9F55007B7369 /* Resources */ = {
			isa = PBXResourcesBuildPhase;
			buildActionMask = 2147483647;
			files = (
				F7083D7E1D2B9F55007B7369 /* Assets.xcassets in Resources */,
				F7083D811D2B9F55007B7369 /* LaunchScreen.storyboard in Resources */,
			);
			runOnlyForDeploymentPostprocessing = 0;
		};
/* End PBXResourcesBuildPhase section */

/* Begin PBXSourcesBuildPhase section */
		F7083D741D2B9F55007B7369 /* Sources */ = {
			isa = PBXSourcesBuildPhase;
			buildActionMask = 2147483647;
			files = (
				F7083D971D2BB1B6007B7369 /* Array+Base.swift in Sources */,
				F7083D951D2BB1B6007B7369 /* Swift+Base.swift in Sources */,
				F7083D8B1D2B9F85007B7369 /* GameScene.swift in Sources */,
				F7083D941D2BB1B6007B7369 /* NSColor+Hex.swift in Sources */,
				F7083D981D2BB1B6007B7369 /* UIColor+Random.swift in Sources */,
				F7083D961D2BB1B6007B7369 /* Dictionary+Base.swift in Sources */,
				F7083D891D2B9F69007B7369 /* GameViewController.swift in Sources */,
				F7083D7C1D2B9F55007B7369 /* AppDelegate.swift in Sources */,
				F7083D8D1D2BAB47007B7369 /* WordNode.swift in Sources */,
				F7083D9B1D2BB20C007B7369 /* UIColor+WW.swift in Sources */,
			);
			runOnlyForDeploymentPostprocessing = 0;
		};
/* End PBXSourcesBuildPhase section */

/* Begin PBXVariantGroup section */
		F7083D7F1D2B9F55007B7369 /* LaunchScreen.storyboard */ = {
			isa = PBXVariantGroup;
			children = (
				F7083D801D2B9F55007B7369 /* Base */,
			);
			name = LaunchScreen.storyboard;
			sourceTree = "<group>";
		};
/* End PBXVariantGroup section */

/* Begin XCBuildConfiguration section */
		F7083D831D2B9F55007B7369 /* Debug */ = {
			isa = XCBuildConfiguration;
			buildSettings = {
				ALWAYS_SEARCH_USER_PATHS = NO;
				CLANG_ANALYZER_NONNULL = YES;
				CLANG_CXX_LANGUAGE_STANDARD = "gnu++0x";
				CLANG_CXX_LIBRARY = "libc++";
				CLANG_ENABLE_MODULES = YES;
				CLANG_ENABLE_OBJC_ARC = YES;
				CLANG_WARN_BOOL_CONVERSION = YES;
				CLANG_WARN_CONSTANT_CONVERSION = YES;
				CLANG_WARN_DIRECT_OBJC_ISA_USAGE = YES_ERROR;
				CLANG_WARN_EMPTY_BODY = YES;
				CLANG_WARN_ENUM_CONVERSION = YES;
				CLANG_WARN_INT_CONVERSION = YES;
				CLANG_WARN_OBJC_ROOT_CLASS = YES_ERROR;
				CLANG_WARN_UNREACHABLE_CODE = YES;
				CLANG_WARN__DUPLICATE_METHOD_MATCH = YES;
				"CODE_SIGN_IDENTITY[sdk=iphoneos*]" = "iPhone Developer";
				COPY_PHASE_STRIP = NO;
				DEBUG_INFORMATION_FORMAT = dwarf;
				ENABLE_STRICT_OBJC_MSGSEND = YES;
				ENABLE_TESTABILITY = YES;
				GCC_C_LANGUAGE_STANDARD = gnu99;
				GCC_DYNAMIC_NO_PIC = NO;
				GCC_NO_COMMON_BLOCKS = YES;
				GCC_OPTIMIZATION_LEVEL = 0;
				GCC_PREPROCESSOR_DEFINITIONS = (
					"DEBUG=1",
					"$(inherited)",
				);
				GCC_WARN_64_TO_32_BIT_CONVERSION = YES;
				GCC_WARN_ABOUT_RETURN_TYPE = YES_ERROR;
				GCC_WARN_UNDECLARED_SELECTOR = YES;
				GCC_WARN_UNINITIALIZED_AUTOS = YES_AGGRESSIVE;
				GCC_WARN_UNUSED_FUNCTION = YES;
				GCC_WARN_UNUSED_VARIABLE = YES;
				IPHONEOS_DEPLOYMENT_TARGET = 9.3;
				MTL_ENABLE_DEBUG_INFO = YES;
				ONLY_ACTIVE_ARCH = YES;
				SDKROOT = iphoneos;
				SWIFT_OPTIMIZATION_LEVEL = "-Onone";
				TARGETED_DEVICE_FAMILY = "1,2";
			};
			name = Debug;
		};
		F7083D841D2B9F55007B7369 /* Release */ = {
			isa = XCBuildConfiguration;
			buildSettings = {
				ALWAYS_SEARCH_USER_PATHS = NO;
				CLANG_ANALYZER_NONNULL = YES;
				CLANG_CXX_LANGUAGE_STANDARD = "gnu++0x";
				CLANG_CXX_LIBRARY = "libc++";
				CLANG_ENABLE_MODULES = YES;
				CLANG_ENABLE_OBJC_ARC = YES;
				CLANG_WARN_BOOL_CONVERSION = YES;
				CLANG_WARN_CONSTANT_CONVERSION = YES;
				CLANG_WARN_DIRECT_OBJC_ISA_USAGE = YES_ERROR;
				CLANG_WARN_EMPTY_BODY = YES;
				CLANG_WARN_ENUM_CONVERSION = YES;
				CLANG_WARN_INT_CONVERSION = YES;
				CLANG_WARN_OBJC_ROOT_CLASS = YES_ERROR;
				CLANG_WARN_UNREACHABLE_CODE = YES;
				CLANG_WARN__DUPLICATE_METHOD_MATCH = YES;
				"CODE_SIGN_IDENTITY[sdk=iphoneos*]" = "iPhone Developer";
				COPY_PHASE_STRIP = NO;
				DEBUG_INFORMATION_FORMAT = "dwarf-with-dsym";
				ENABLE_NS_ASSERTIONS = NO;
				ENABLE_STRICT_OBJC_MSGSEND = YES;
				GCC_C_LANGUAGE_STANDARD = gnu99;
				GCC_NO_COMMON_BLOCKS = YES;
				GCC_WARN_64_TO_32_BIT_CONVERSION = YES;
				GCC_WARN_ABOUT_RETURN_TYPE = YES_ERROR;
				GCC_WARN_UNDECLARED_SELECTOR = YES;
				GCC_WARN_UNINITIALIZED_AUTOS = YES_AGGRESSIVE;
				GCC_WARN_UNUSED_FUNCTION = YES;
				GCC_WARN_UNUSED_VARIABLE = YES;
				IPHONEOS_DEPLOYMENT_TARGET = 9.3;
				MTL_ENABLE_DEBUG_INFO = NO;
				SDKROOT = iphoneos;
				TARGETED_DEVICE_FAMILY = "1,2";
				VALIDATE_PRODUCT = YES;
			};
			name = Release;
		};
		F7083D861D2B9F55007B7369 /* Debug */ = {
			isa = XCBuildConfiguration;
			buildSettings = {
				ASSETCATALOG_COMPILER_APPICON_NAME = AppIcon;
				INFOPLIST_FILE = WordWar/Info.plist;
				LD_RUNPATH_SEARCH_PATHS = "$(inherited) @executable_path/Frameworks";
				PRODUCT_BUNDLE_IDENTIFIER = com.valentinradu.WordWar;
				PRODUCT_NAME = WordGame;
			};
			name = Debug;
		};
		F7083D871D2B9F55007B7369 /* Release */ = {
			isa = XCBuildConfiguration;
			buildSettings = {
				ASSETCATALOG_COMPILER_APPICON_NAME = AppIcon;
				INFOPLIST_FILE = WordWar/Info.plist;
				LD_RUNPATH_SEARCH_PATHS = "$(inherited) @executable_path/Frameworks";
				PRODUCT_BUNDLE_IDENTIFIER = com.valentinradu.WordWar;
				PRODUCT_NAME = WordGame;
			};
			name = Release;
		};
/* End XCBuildConfiguration section */

/* Begin XCConfigurationList section */
		F7083D731D2B9F55007B7369 /* Build configuration list for PBXProject "WordGame" */ = {
			isa = XCConfigurationList;
			buildConfigurations = (
				F7083D831D2B9F55007B7369 /* Debug */,
				F7083D841D2B9F55007B7369 /* Release */,
			);
			defaultConfigurationIsVisible = 0;
			defaultConfigurationName = Release;
		};
		F7083D851D2B9F55007B7369 /* Build configuration list for PBXNativeTarget "WordGame" */ = {
			isa = XCConfigurationList;
			buildConfigurations = (
				F7083D861D2B9F55007B7369 /* Debug */,
				F7083D871D2B9F55007B7369 /* Release */,
			);
			defaultConfigurationIsVisible = 0;
		};
/* End XCConfigurationList section */
	};
	rootObject = F7083D701D2B9F55007B7369 /* Project object */;
}
